
Microsoft Visual Studio Solution File, Format Version 12.00
# Visual Studio Version 17
VisualStudioVersion = 17.13.35825.156 d17.13
MinimumVisualStudioVersion = 10.0.40219.1
Project("{FAE04EC0-301F-11D3-BF4B-00C04F79EFBC}") = "iec104servertest", "iec104servertest.csproj", "{CBD1BA15-9A00-485D-80EE-B878695A033E}"
EndProject
Global
	GlobalSection(SolutionConfigurationPlatforms) = preSolution
		Debug|Any CPU = Debug|Any CPU
		Debug|x64 = Debug|x64
		Release|Any CPU = Release|Any CPU
		Release|x64 = Release|x64
	EndGlobalSection
	GlobalSection(ProjectConfigurationPlatforms) = postSolution
		{CBD1BA15-9A00-485D-80EE-B878695A033E}.Debug|Any CPU.ActiveCfg = Debug|Any CPU
		{CBD1BA15-9A00-485D-80EE-B878695A033E}.Debug|Any CPU.Build.0 = Debug|Any CPU
		{CBD1BA15-9A00-485D-80EE-B878695A033E}.Debug|x64.ActiveCfg = Debug|x64
		{CBD1BA15-9A00-485D-80EE-B878695A033E}.Debug|x64.Build.0 = Debug|x64
		{CBD1BA15-9A00-485D-80EE-B878695A033E}.Release|Any CPU.ActiveCfg = Release|Any CPU
		{CBD1BA15-9A00-485D-80EE-B878695A033E}.Release|Any CPU.Build.0 = Release|Any CPU
		{CBD1BA15-9A00-485D-80EE-B878695A033E}.Release|x64.ActiveCfg = Release|x64
		{CBD1BA15-9A00-485D-80EE-B878695A033E}.Release|x64.Build.0 = Release|x64
	EndGlobalSection
	GlobalSection(SolutionProperties) = preSolution
		HideSolutionNode = FALSE
	EndGlobalSection
	GlobalSection(ExtensibilityGlobals) = postSolution
		SolutionGuid = {FC07C574-77CC-424A-BC78-DF905A8C90D5}
	EndGlobalSection
EndGlobal
